
Microsoft Visual Studio Solution File, Format Version 10.00
# Visual Studio 2008
Project("{8BC9CEB8-8B4A-11D0-8D11-00A0C91BC942}") = "CSPSignAndVerify", "CSPSignAndVerify\CSPSignAndVerify.vcproj", "{3FDADF8F-1696-4790-9322-4CDF329302FD}"
EndProject
Global
	GlobalSection(SolutionConfigurationPlatforms) = preSolution
		Debug|Win32 = Debug|Win32
		Release|Win32 = Release|Win32
	EndGlobalSection
	GlobalSection(ProjectConfigurationPlatforms) = postSolution
		{3FDADF8F-1696-4790-9322-4CDF329302FD}.Debug|Win32.ActiveCfg = Debug|Win32
		{3FDADF8F-1696-4790-9322-4CDF329302FD}.Debug|Win32.Build.0 = Debug|Win32
		{3FDADF8F-1696-4790-9322-4CDF329302FD}.Release|Win32.ActiveCfg = Release|Win32
		{3FDADF8F-1696-4790-9322-4CDF329302FD}.Release|Win32.Build.0 = Release|Win32
	EndGlobalSection
	GlobalSection(SolutionProperties) = preSolution
		HideSolutionNode = FALSE
	EndGlobalSection
EndGlobal
